
Microsoft Visual Studio Solution File, Format Version 12.00
# Visual Studio 15
VisualStudioVersion = 15.0.28307.645
MinimumVisualStudioVersion = 10.0.40219.1
Project("{FAE04EC0-301F-11D3-BF4B-00C04F79EFBC}") = "ConsoleApp2", "ConsoleApp2\ConsoleApp2.csproj", "{5F7788AD-4E35-4EBB-95E1-AE337E1A5440}"
EndProject
Global
	GlobalSection(SolutionConfigurationPlatforms) = preSolution
		Debug|Any CPU = Debug|Any CPU
		Release|Any CPU = Release|Any CPU
	EndGlobalSection
	GlobalSection(ProjectConfigurationPlatforms) = postSolution
		{5F7788AD-4E35-4EBB-95E1-AE337E1A5440}.Debug|Any CPU.ActiveCfg = Debug|Any CPU
		{5F7788AD-4E35-4EBB-95E1-AE337E1A5440}.Debug|Any CPU.Build.0 = Debug|Any CPU
		{5F7788AD-4E35-4EBB-95E1-AE337E1A5440}.Release|Any CPU.ActiveCfg = Release|Any CPU
		{5F7788AD-4E35-4EBB-95E1-AE337E1A5440}.Release|Any CPU.Build.0 = Release|Any CPU
	EndGlobalSection
	GlobalSection(SolutionProperties) = preSolution
		HideSolutionNode = FALSE
	EndGlobalSection
	GlobalSection(ExtensibilityGlobals) = postSolution
		SolutionGuid = {FBF9CD1A-D4CA-4550-85A2-CCD262F4C3AB}
	EndGlobalSection
EndGlobal
